
Microsoft Visual Studio Solution File, Format Version 12.00
# Visual Studio Version 16
VisualStudioVersion = 16.0.29728.190
MinimumVisualStudioVersion = 10.0.40219.1
Project("{9A19103F-16F7-4668-BE54-9A1E7A4F7556}") = "EasyMessage.Core", "src\EasyMessage.Core\EasyMessage.Core.csproj", "{3D79EF4A-D5A6-47E2-8E18-5D2C33419FAC}"
EndProject
Project("{FAE04EC0-301F-11D3-BF4B-00C04F79EFBC}") = "EasyMessage.Core.Test", "test\EasyMessage.Core.Test\EasyMessage.Core.Test.csproj", "{70B1B3EE-D194-4637-AB54-035EB8AE72B7}"
EndProject
Global
	GlobalSection(SolutionConfigurationPlatforms) = preSolution
		Debug|Any CPU = Debug|Any CPU
		Release|Any CPU = Release|Any CPU
	EndGlobalSection
	GlobalSection(ProjectConfigurationPlatforms) = postSolution
		{3D79EF4A-D5A6-47E2-8E18-5D2C33419FAC}.Debug|Any CPU.ActiveCfg = Debug|Any CPU
		{3D79EF4A-D5A6-47E2-8E18-5D2C33419FAC}.Debug|Any CPU.Build.0 = Debug|Any CPU
		{3D79EF4A-D5A6-47E2-8E18-5D2C33419FAC}.Release|Any CPU.ActiveCfg = Release|Any CPU
		{3D79EF4A-D5A6-47E2-8E18-5D2C33419FAC}.Release|Any CPU.Build.0 = Release|Any CPU
		{70B1B3EE-D194-4637-AB54-035EB8AE72B7}.Debug|Any CPU.ActiveCfg = Debug|Any CPU
		{70B1B3EE-D194-4637-AB54-035EB8AE72B7}.Debug|Any CPU.Build.0 = Debug|Any CPU
		{70B1B3EE-D194-4637-AB54-035EB8AE72B7}.Release|Any CPU.ActiveCfg = Release|Any CPU
		{70B1B3EE-D194-4637-AB54-035EB8AE72B7}.Release|Any CPU.Build.0 = Release|Any CPU
	EndGlobalSection
	GlobalSection(SolutionProperties) = preSolution
		HideSolutionNode = FALSE
	EndGlobalSection
	GlobalSection(ExtensibilityGlobals) = postSolution
		SolutionGuid = {C85FBF26-50BE-4325-B810-6AEA056F8A27}
	EndGlobalSection
EndGlobal
